
Microsoft Visual Studio Solution File, Format Version 12.00
# Visual Studio 2013
VisualStudioVersion = 12.0.30324.0
MinimumVisualStudioVersion = 10.0.40219.1
Project("{2150E333-8FDC-42A3-9474-1A3956D46DE8}") = "ShoppingList", "ShoppingList", "{C18587AD-8598-4186-816F-FC74B4733059}"
EndProject
Project("{D954291E-2A0B-460D-934E-DC6B0785DB48}") = "ShoppingList.Shared", "ShoppingList\ShoppingList.Shared\ShoppingList.Shared.shproj", "{70536B7C-9CC3-46F9-8494-827B05722B9E}"
EndProject
Project("{FAE04EC0-301F-11D3-BF4B-00C04F79EFBC}") = "ShoppingList.Windows", "ShoppingList\ShoppingList.Windows\ShoppingList.Windows.csproj", "{3E3021F5-A063-4FDA-AA3E-590C5F7CC490}"
EndProject
Project("{FAE04EC0-301F-11D3-BF4B-00C04F79EFBC}") = "ShoppingList.WindowsPhone", "ShoppingList\ShoppingList.WindowsPhone\ShoppingList.WindowsPhone.csproj", "{500DA6E0-DEDE-4675-83E2-B1C604067F4A}"
EndProject
Global
	GlobalSection(SharedMSBuildProjectFiles) = preSolution
		ShoppingList\ShoppingList.Shared\ShoppingList.Shared.projitems*{3e3021f5-a063-4fda-aa3e-590c5f7cc490}*SharedItemsImports = 4
		ShoppingList\ShoppingList.Shared\ShoppingList.Shared.projitems*{500da6e0-dede-4675-83e2-b1c604067f4a}*SharedItemsImports = 4
		ShoppingList\ShoppingList.Shared\ShoppingList.Shared.projitems*{70536b7c-9cc3-46f9-8494-827b05722b9e}*SharedItemsImports = 13
	EndGlobalSection
	GlobalSection(SolutionConfigurationPlatforms) = preSolution
		Debug|Any CPU = Debug|Any CPU
		Debug|ARM = Debug|ARM
		Debug|x64 = Debug|x64
		Debug|x86 = Debug|x86
		Release|Any CPU = Release|Any CPU
		Release|ARM = Release|ARM
		Release|x64 = Release|x64
		Release|x86 = Release|x86
	EndGlobalSection
	GlobalSection(ProjectConfigurationPlatforms) = postSolution
		{3E3021F5-A063-4FDA-AA3E-590C5F7CC490}.Debug|Any CPU.ActiveCfg = Debug|Any CPU
		{3E3021F5-A063-4FDA-AA3E-590C5F7CC490}.Debug|Any CPU.Build.0 = Debug|Any CPU
		{3E3021F5-A063-4FDA-AA3E-590C5F7CC490}.Debug|Any CPU.Deploy.0 = Debug|Any CPU
		{3E3021F5-A063-4FDA-AA3E-590C5F7CC490}.Debug|ARM.ActiveCfg = Debug|ARM
		{3E3021F5-A063-4FDA-AA3E-590C5F7CC490}.Debug|ARM.Build.0 = Debug|ARM
		{3E3021F5-A063-4FDA-AA3E-590C5F7CC490}.Debug|ARM.Deploy.0 = Debug|ARM
		{3E3021F5-A063-4FDA-AA3E-590C5F7CC490}.Debug|x64.ActiveCfg = Debug|x64
		{3E3021F5-A063-4FDA-AA3E-590C5F7CC490}.Debug|x64.Build.0 = Debug|x64
		{3E3021F5-A063-4FDA-AA3E-590C5F7CC490}.Debug|x64.Deploy.0 = Debug|x64
		{3E3021F5-A063-4FDA-AA3E-590C5F7CC490}.Debug|x86.ActiveCfg = Debug|x86
		{3E3021F5-A063-4FDA-AA3E-590C5F7CC490}.Debug|x86.Build.0 = Debug|x86
		{3E3021F5-A063-4FDA-AA3E-590C5F7CC490}.Debug|x86.Deploy.0 = Debug|x86
		{3E3021F5-A063-4FDA-AA3E-590C5F7CC490}.Release|Any CPU.ActiveCfg = Release|Any CPU
		{3E3021F5-A063-4FDA-AA3E-590C5F7CC490}.Release|Any CPU.Build.0 = Release|Any CPU
		{3E3021F5-A063-4FDA-AA3E-590C5F7CC490}.Release|Any CPU.Deploy.0 = Release|Any CPU
		{3E3021F5-A063-4FDA-AA3E-590C5F7CC490}.Release|ARM.ActiveCfg = Release|ARM
		{3E3021F5-A063-4FDA-AA3E-590C5F7CC490}.Release|ARM.Build.0 = Release|ARM
		{3E3021F5-A063-4FDA-AA3E-590C5F7CC490}.Release|ARM.Deploy.0 = Release|ARM
		{3E3021F5-A063-4FDA-AA3E-590C5F7CC490}.Release|x64.ActiveCfg = Release|x64
		{3E3021F5-A063-4FDA-AA3E-590C5F7CC490}.Release|x64.Build.0 = Release|x64
		{3E3021F5-A063-4FDA-AA3E-590C5F7CC490}.Release|x64.Deploy.0 = Release|x64
		{3E3021F5-A063-4FDA-AA3E-590C5F7CC490}.Release|x86.ActiveCfg = Release|x86
		{3E3021F5-A063-4FDA-AA3E-590C5F7CC490}.Release|x86.Build.0 = Release|x86
		{3E3021F5-A063-4FDA-AA3E-590C5F7CC490}.Release|x86.Deploy.0 = Release|x86
		{500DA6E0-DEDE-4675-83E2-B1C604067F4A}.Debug|Any CPU.ActiveCfg = Debug|Any CPU
		{500DA6E0-DEDE-4675-83E2-B1C604067F4A}.Debug|Any CPU.Build.0 = Debug|Any CPU
		{500DA6E0-DEDE-4675-83E2-B1C604067F4A}.Debug|Any CPU.Deploy.0 = Debug|Any CPU
		{500DA6E0-DEDE-4675-83E2-B1C604067F4A}.Debug|ARM.ActiveCfg = Debug|ARM
		{500DA6E0-DEDE-4675-83E2-B1C604067F4A}.Debug|ARM.Build.0 = Debug|ARM
		{500DA6E0-DEDE-4675-83E2-B1C604067F4A}.Debug|ARM.Deploy.0 = Debug|ARM
		{500DA6E0-DEDE-4675-83E2-B1C604067F4A}.Debug|x64.ActiveCfg = Debug|Any CPU
		{500DA6E0-DEDE-4675-83E2-B1C604067F4A}.Debug|x86.ActiveCfg = Debug|x86
		{500DA6E0-DEDE-4675-83E2-B1C604067F4A}.Debug|x86.Build.0 = Debug|x86
		{500DA6E0-DEDE-4675-83E2-B1C604067F4A}.Debug|x86.Deploy.0 = Debug|x86
		{500DA6E0-DEDE-4675-83E2-B1C604067F4A}.Release|Any CPU.ActiveCfg = Release|Any CPU
		{500DA6E0-DEDE-4675-83E2-B1C604067F4A}.Release|Any CPU.Build.0 = Release|Any CPU
		{500DA6E0-DEDE-4675-83E2-B1C604067F4A}.Release|Any CPU.Deploy.0 = Release|Any CPU
		{500DA6E0-DEDE-4675-83E2-B1C604067F4A}.Release|ARM.ActiveCfg = Release|ARM
		{500DA6E0-DEDE-4675-83E2-B1C604067F4A}.Release|ARM.Build.0 = Release|ARM
		{500DA6E0-DEDE-4675-83E2-B1C604067F4A}.Release|ARM.Deploy.0 = Release|ARM
		{500DA6E0-DEDE-4675-83E2-B1C604067F4A}.Release|x64.ActiveCfg = Release|Any CPU
		{500DA6E0-DEDE-4675-83E2-B1C604067F4A}.Release|x86.ActiveCfg = Release|x86
		{500DA6E0-DEDE-4675-83E2-B1C604067F4A}.Release|x86.Build.0 = Release|x86
		{500DA6E0-DEDE-4675-83E2-B1C604067F4A}.Release|x86.Deploy.0 = Release|x86
	EndGlobalSection
	GlobalSection(SolutionProperties) = preSolution
		HideSolutionNode = FALSE
	EndGlobalSection
	GlobalSection(NestedProjects) = preSolution
		{70536B7C-9CC3-46F9-8494-827B05722B9E} = {C18587AD-8598-4186-816F-FC74B4733059}
		{3E3021F5-A063-4FDA-AA3E-590C5F7CC490} = {C18587AD-8598-4186-816F-FC74B4733059}
		{500DA6E0-DEDE-4675-83E2-B1C604067F4A} = {C18587AD-8598-4186-816F-FC74B4733059}
	EndGlobalSection
EndGlobal
